%{
  "argon2_elixir": {:hex, :argon2_elixir, "2.1.2", "c276b960f0b550a7613a9bebf8e14645ca5eb71a34a1bf0f896fe3511966b051", [:make, :mix], [{:comeonin, "~> 5.1", [hex: :comeonin, repo: "hexpm", optional: false]}, {:elixir_make, "~> 0.5", [hex: :elixir_make, repo: "hexpm", optional: false]}], "hexpm"},
  "comeonin": {:hex, :comeonin, "5.1.3", "4c9880ed348cc0330c74086b4383ffb0b5a599aa603416497b7374c168cae340", [:mix], [], "hexpm"},
  "decimal": {:hex, :decimal, "1.8.0", "ca462e0d885f09a1c5a342dbd7c1dcf27ea63548c65a65e67334f4b61803822e", [:mix], [], "hexpm"},
  "ecto": {:hex, :ecto, "3.2.5", "76c864b77948a479e18e69cc1d0f0f4ee7cced1148ffe6a093ff91eba644f0b5", [:mix], [{:decimal, "~> 1.6", [hex: :decimal, repo: "hexpm", optional: false]}, {:jason, "~> 1.0", [hex: :jason, repo: "hexpm", optional: true]}], "hexpm"},
  "elixir_make": {:hex, :elixir_make, "0.6.0", "38349f3e29aff4864352084fc736fa7fa0f2995a819a737554f7ebd28b85aaab", [:mix], [], "hexpm"},
  "stream_data": {:hex, :stream_data, "0.4.3", "62aafd870caff0849a5057a7ec270fad0eb86889f4d433b937d996de99e3db25", [:mix], [], "hexpm"},
}
